
Microsoft Visual Studio Solution File, Format Version 12.00
# Visual Studio Version 16
VisualStudioVersion = 16.0.32802.440
MinimumVisualStudioVersion = 10.0.40219.1
Project("{FAE04EC0-301F-11D3-BF4B-00C04F79EFBC}") = "PerhitunganLuas", "PerhitunganLuas\PerhitunganLuas.csproj", "{67372AE7-FD07-4CED-A551-FFEB0C35DEFD}"
EndProject
Global
	GlobalSection(SolutionConfigurationPlatforms) = preSolution
		Debug|Any CPU = Debug|Any CPU
		Release|Any CPU = Release|Any CPU
	EndGlobalSection
	GlobalSection(ProjectConfigurationPlatforms) = postSolution
		{67372AE7-FD07-4CED-A551-FFEB0C35DEFD}.Debug|Any CPU.ActiveCfg = Debug|Any CPU
		{67372AE7-FD07-4CED-A551-FFEB0C35DEFD}.Debug|Any CPU.Build.0 = Debug|Any CPU
		{67372AE7-FD07-4CED-A551-FFEB0C35DEFD}.Release|Any CPU.ActiveCfg = Release|Any CPU
		{67372AE7-FD07-4CED-A551-FFEB0C35DEFD}.Release|Any CPU.Build.0 = Release|Any CPU
	EndGlobalSection
	GlobalSection(SolutionProperties) = preSolution
		HideSolutionNode = FALSE
	EndGlobalSection
	GlobalSection(ExtensibilityGlobals) = postSolution
		SolutionGuid = {A13AC817-4BA7-4DF2-886B-958638FE8011}
	EndGlobalSection
EndGlobal
